
Microsoft Visual Studio Solution File, Format Version 12.00
# Visual Studio 15
VisualStudioVersion = 15.0.27004.2006
MinimumVisualStudioVersion = 10.0.40219.1
Project("{FAE04EC0-301F-11D3-BF4B-00C04F79EFBC}") = "Exam_Pilot", "Exam_Pilot\Exam_Pilot.csproj", "{97DB5BBE-CE34-4F1C-99DE-F5B1E14705AC}"
EndProject
Global
	GlobalSection(SolutionConfigurationPlatforms) = preSolution
		Debug|Any CPU = Debug|Any CPU
		Release|Any CPU = Release|Any CPU
	EndGlobalSection
	GlobalSection(ProjectConfigurationPlatforms) = postSolution
		{97DB5BBE-CE34-4F1C-99DE-F5B1E14705AC}.Debug|Any CPU.ActiveCfg = Debug|Any CPU
		{97DB5BBE-CE34-4F1C-99DE-F5B1E14705AC}.Debug|Any CPU.Build.0 = Debug|Any CPU
		{97DB5BBE-CE34-4F1C-99DE-F5B1E14705AC}.Release|Any CPU.ActiveCfg = Release|Any CPU
		{97DB5BBE-CE34-4F1C-99DE-F5B1E14705AC}.Release|Any CPU.Build.0 = Release|Any CPU
	EndGlobalSection
	GlobalSection(SolutionProperties) = preSolution
		HideSolutionNode = FALSE
	EndGlobalSection
	GlobalSection(ExtensibilityGlobals) = postSolution
		SolutionGuid = {81D9CC8A-9868-45D2-9966-FC2A1B536A3D}
	EndGlobalSection
EndGlobal
